
Microsoft Visual Studio Solution File, Format Version 12.00
# Visual Studio Version 17
VisualStudioVersion = 17.9.34728.123
MinimumVisualStudioVersion = 10.0.40219.1
Project("{2150E333-8FDC-42A3-9474-1A3956D46DE8}") = "Applications", "Applications", "{57D6C3AE-D463-453F-B42B-B303C49F00B3}"
EndProject
Project("{FAE04EC0-301F-11D3-BF4B-00C04F79EFBC}") = "CoffeeShop.Customer", "CoffeeShop.Customer\CoffeeShop.Customer.csproj", "{8B375C2D-9F68-4B1A-A51D-69212752573A}"
EndProject
Project("{FAE04EC0-301F-11D3-BF4B-00C04F79EFBC}") = "CoffeeShop.Menu", "CoffeeShop.Menu\CoffeeShop.Menu.csproj", "{64985512-AB84-45DC-A744-969370CA06E0}"
EndProject
Project("{2150E333-8FDC-42A3-9474-1A3956D46DE8}") = "Gateways", "Gateways", "{3DC8D6B2-9354-4A48-B519-F27A2A6EE89A}"
EndProject
Project("{FAE04EC0-301F-11D3-BF4B-00C04F79EFBC}") = "CoffeeShop.Gateway", "CoffeeShop.Gateway\CoffeeShop.Gateway.csproj", "{E51D4561-4970-46F4-89E5-03965A8D97CD}"
EndProject
Global
	GlobalSection(SolutionConfigurationPlatforms) = preSolution
		Debug|Any CPU = Debug|Any CPU
		Release|Any CPU = Release|Any CPU
	EndGlobalSection
	GlobalSection(ProjectConfigurationPlatforms) = postSolution
		{8B375C2D-9F68-4B1A-A51D-69212752573A}.Debug|Any CPU.ActiveCfg = Debug|Any CPU
		{8B375C2D-9F68-4B1A-A51D-69212752573A}.Debug|Any CPU.Build.0 = Debug|Any CPU
		{8B375C2D-9F68-4B1A-A51D-69212752573A}.Release|Any CPU.ActiveCfg = Release|Any CPU
		{8B375C2D-9F68-4B1A-A51D-69212752573A}.Release|Any CPU.Build.0 = Release|Any CPU
		{64985512-AB84-45DC-A744-969370CA06E0}.Debug|Any CPU.ActiveCfg = Debug|Any CPU
		{64985512-AB84-45DC-A744-969370CA06E0}.Debug|Any CPU.Build.0 = Debug|Any CPU
		{64985512-AB84-45DC-A744-969370CA06E0}.Release|Any CPU.ActiveCfg = Release|Any CPU
		{64985512-AB84-45DC-A744-969370CA06E0}.Release|Any CPU.Build.0 = Release|Any CPU
		{E51D4561-4970-46F4-89E5-03965A8D97CD}.Debug|Any CPU.ActiveCfg = Debug|Any CPU
		{E51D4561-4970-46F4-89E5-03965A8D97CD}.Debug|Any CPU.Build.0 = Debug|Any CPU
		{E51D4561-4970-46F4-89E5-03965A8D97CD}.Release|Any CPU.ActiveCfg = Release|Any CPU
		{E51D4561-4970-46F4-89E5-03965A8D97CD}.Release|Any CPU.Build.0 = Release|Any CPU
	EndGlobalSection
	GlobalSection(SolutionProperties) = preSolution
		HideSolutionNode = FALSE
	EndGlobalSection
	GlobalSection(NestedProjects) = preSolution
		{8B375C2D-9F68-4B1A-A51D-69212752573A} = {57D6C3AE-D463-453F-B42B-B303C49F00B3}
		{64985512-AB84-45DC-A744-969370CA06E0} = {57D6C3AE-D463-453F-B42B-B303C49F00B3}
		{E51D4561-4970-46F4-89E5-03965A8D97CD} = {3DC8D6B2-9354-4A48-B519-F27A2A6EE89A}
	EndGlobalSection
	GlobalSection(ExtensibilityGlobals) = postSolution
		SolutionGuid = {020B0FB2-BF23-4FCF-AD9A-A62AC2A7666B}
	EndGlobalSection
EndGlobal
